
Microsoft Visual Studio Solution File, Format Version 12.00
# Visual Studio Version 17
VisualStudioVersion = 17.0.31912.275
MinimumVisualStudioVersion = 10.0.40219.1
Project("{FAE04EC0-301F-11D3-BF4B-00C04F79EFBC}") = "Calculator.Android", "Calculator\Calculator.Android\Calculator.Android.csproj", "{385395BC-7748-4E50-82FE-111D721E6D6E}"
EndProject
Project("{FAE04EC0-301F-11D3-BF4B-00C04F79EFBC}") = "Calculator", "Calculator\Calculator\Calculator.csproj", "{5DAF6CB9-32FC-4564-B3A4-37527B10B2D0}"
EndProject
Global
	GlobalSection(SolutionConfigurationPlatforms) = preSolution
		Debug|Any CPU = Debug|Any CPU
		Release|Any CPU = Release|Any CPU
	EndGlobalSection
	GlobalSection(ProjectConfigurationPlatforms) = postSolution
		{385395BC-7748-4E50-82FE-111D721E6D6E}.Debug|Any CPU.ActiveCfg = Debug|Any CPU
		{385395BC-7748-4E50-82FE-111D721E6D6E}.Debug|Any CPU.Build.0 = Debug|Any CPU
		{385395BC-7748-4E50-82FE-111D721E6D6E}.Debug|Any CPU.Deploy.0 = Debug|Any CPU
		{385395BC-7748-4E50-82FE-111D721E6D6E}.Release|Any CPU.ActiveCfg = Release|Any CPU
		{385395BC-7748-4E50-82FE-111D721E6D6E}.Release|Any CPU.Build.0 = Release|Any CPU
		{385395BC-7748-4E50-82FE-111D721E6D6E}.Release|Any CPU.Deploy.0 = Release|Any CPU
		{5DAF6CB9-32FC-4564-B3A4-37527B10B2D0}.Debug|Any CPU.ActiveCfg = Debug|Any CPU
		{5DAF6CB9-32FC-4564-B3A4-37527B10B2D0}.Debug|Any CPU.Build.0 = Debug|Any CPU
		{5DAF6CB9-32FC-4564-B3A4-37527B10B2D0}.Debug|Any CPU.Deploy.0 = Debug|Any CPU
		{5DAF6CB9-32FC-4564-B3A4-37527B10B2D0}.Release|Any CPU.ActiveCfg = Release|Any CPU
		{5DAF6CB9-32FC-4564-B3A4-37527B10B2D0}.Release|Any CPU.Build.0 = Release|Any CPU
		{5DAF6CB9-32FC-4564-B3A4-37527B10B2D0}.Release|Any CPU.Deploy.0 = Release|Any CPU
	EndGlobalSection
	GlobalSection(SolutionProperties) = preSolution
		HideSolutionNode = FALSE
	EndGlobalSection
	GlobalSection(ExtensibilityGlobals) = postSolution
		SolutionGuid = {C604F70B-452C-4D11-8B5B-7A3CAB601B64}
	EndGlobalSection
EndGlobal
